
Microsoft Visual Studio Solution File, Format Version 12.00
# Visual Studio Version 16
VisualStudioVersion = 16.0.29926.136
MinimumVisualStudioVersion = 10.0.40219.1
Project("{2150E333-8FDC-42A3-9474-1A3956D46DE8}") = "01 Database", "01 Database", "{A678ED77-C3C6-469C-B7CF-B5FDDB4C351E}"
EndProject
Project("{2150E333-8FDC-42A3-9474-1A3956D46DE8}") = "02 Api", "02 Api", "{6CCA4D47-7A1B-400B-8A82-9A840B0FD678}"
EndProject
Project("{2150E333-8FDC-42A3-9474-1A3956D46DE8}") = "03 Web", "03 Web", "{0A17C9DB-9993-4612-A80D-523962D46921}"
EndProject
Project("{2150E333-8FDC-42A3-9474-1A3956D46DE8}") = "Tools", "Tools", "{11D7FF59-A892-4A9A-8EA0-EA2BA2F3CC5E}"
EndProject
Project("{9A19103F-16F7-4668-BE54-9A1E7A4F7556}") = "ToolBox", "ToolBox\ToolBox.csproj", "{77D6F1F2-0898-4D0B-9511-6CBC4029086D}"
EndProject
Project("{2150E333-8FDC-42A3-9474-1A3956D46DE8}") = "Models", "Models", "{1D0DB391-AAE1-4B6C-ADA6-2406E38A22E7}"
EndProject
Project("{00D1A9C2-B5F0-4AF3-8072-F6C62B433612}") = "GestToDo.Database", "GestToDo.Database\GestToDo.Database.sqlproj", "{43AB40C7-CD2E-4AD2-A77D-26844586728A}"
EndProject
Project("{FAE04EC0-301F-11D3-BF4B-00C04F79EFBC}") = "GestToDo.Api", "GestToDo.Api\GestToDo.Api.csproj", "{C5702D3C-AD5E-4843-AC9D-CE1D15C57DB2}"
EndProject
Project("{9A19103F-16F7-4668-BE54-9A1E7A4F7556}") = "GestToDo.Forms", "GestToDo.Forms\GestToDo.Forms.csproj", "{D4E7A259-147E-4900-A51D-1563704F0587}"
EndProject
Project("{9A19103F-16F7-4668-BE54-9A1E7A4F7556}") = "GestToDo.Interfaces", "GestToDo.Interfaces\GestToDo.Interfaces.csproj", "{62BC146A-479E-4DB0-BB2E-B386EEB4A439}"
EndProject
Project("{9A19103F-16F7-4668-BE54-9A1E7A4F7556}") = "GestToDo.Models.Global", "GestToDo.Models.Global\GestToDo.Models.Global.csproj", "{8F3D96A2-6C2D-487E-81BA-62D0AFC83D94}"
EndProject
Project("{FAE04EC0-301F-11D3-BF4B-00C04F79EFBC}") = "GestToDo.Web", "GestToDo.Web\GestToDo.Web.csproj", "{3C6ABAE3-5068-4725-9F0D-3EFE0D52A87F}"
EndProject
Project("{FAE04EC0-301F-11D3-BF4B-00C04F79EFBC}") = "GestToDo.Models.Repositories", "GestToDo.Models.Repositories\GestToDo.Models.Repositories.csproj", "{41B3E168-4531-4A1D-9617-BE015DDA88A1}"
EndProject
Project("{FAE04EC0-301F-11D3-BF4B-00C04F79EFBC}") = "GestToDo.Models.Data", "GestToDo.Models.Data\GestToDo.Models.Data.csproj", "{628728FA-2179-413C-B0C3-A304596A5B37}"
EndProject
Global
	GlobalSection(SolutionConfigurationPlatforms) = preSolution
		Debug|Any CPU = Debug|Any CPU
		Release|Any CPU = Release|Any CPU
	EndGlobalSection
	GlobalSection(ProjectConfigurationPlatforms) = postSolution
		{77D6F1F2-0898-4D0B-9511-6CBC4029086D}.Debug|Any CPU.ActiveCfg = Debug|Any CPU
		{77D6F1F2-0898-4D0B-9511-6CBC4029086D}.Debug|Any CPU.Build.0 = Debug|Any CPU
		{77D6F1F2-0898-4D0B-9511-6CBC4029086D}.Release|Any CPU.ActiveCfg = Release|Any CPU
		{77D6F1F2-0898-4D0B-9511-6CBC4029086D}.Release|Any CPU.Build.0 = Release|Any CPU
		{43AB40C7-CD2E-4AD2-A77D-26844586728A}.Debug|Any CPU.ActiveCfg = Debug|Any CPU
		{43AB40C7-CD2E-4AD2-A77D-26844586728A}.Debug|Any CPU.Build.0 = Debug|Any CPU
		{43AB40C7-CD2E-4AD2-A77D-26844586728A}.Debug|Any CPU.Deploy.0 = Debug|Any CPU
		{43AB40C7-CD2E-4AD2-A77D-26844586728A}.Release|Any CPU.ActiveCfg = Release|Any CPU
		{43AB40C7-CD2E-4AD2-A77D-26844586728A}.Release|Any CPU.Build.0 = Release|Any CPU
		{43AB40C7-CD2E-4AD2-A77D-26844586728A}.Release|Any CPU.Deploy.0 = Release|Any CPU
		{C5702D3C-AD5E-4843-AC9D-CE1D15C57DB2}.Debug|Any CPU.ActiveCfg = Debug|Any CPU
		{C5702D3C-AD5E-4843-AC9D-CE1D15C57DB2}.Debug|Any CPU.Build.0 = Debug|Any CPU
		{C5702D3C-AD5E-4843-AC9D-CE1D15C57DB2}.Release|Any CPU.ActiveCfg = Release|Any CPU
		{C5702D3C-AD5E-4843-AC9D-CE1D15C57DB2}.Release|Any CPU.Build.0 = Release|Any CPU
		{D4E7A259-147E-4900-A51D-1563704F0587}.Debug|Any CPU.ActiveCfg = Debug|Any CPU
		{D4E7A259-147E-4900-A51D-1563704F0587}.Debug|Any CPU.Build.0 = Debug|Any CPU
		{D4E7A259-147E-4900-A51D-1563704F0587}.Release|Any CPU.ActiveCfg = Release|Any CPU
		{D4E7A259-147E-4900-A51D-1563704F0587}.Release|Any CPU.Build.0 = Release|Any CPU
		{62BC146A-479E-4DB0-BB2E-B386EEB4A439}.Debug|Any CPU.ActiveCfg = Debug|Any CPU
		{62BC146A-479E-4DB0-BB2E-B386EEB4A439}.Debug|Any CPU.Build.0 = Debug|Any CPU
		{62BC146A-479E-4DB0-BB2E-B386EEB4A439}.Release|Any CPU.ActiveCfg = Release|Any CPU
		{62BC146A-479E-4DB0-BB2E-B386EEB4A439}.Release|Any CPU.Build.0 = Release|Any CPU
		{8F3D96A2-6C2D-487E-81BA-62D0AFC83D94}.Debug|Any CPU.ActiveCfg = Debug|Any CPU
		{8F3D96A2-6C2D-487E-81BA-62D0AFC83D94}.Debug|Any CPU.Build.0 = Debug|Any CPU
		{8F3D96A2-6C2D-487E-81BA-62D0AFC83D94}.Release|Any CPU.ActiveCfg = Release|Any CPU
		{8F3D96A2-6C2D-487E-81BA-62D0AFC83D94}.Release|Any CPU.Build.0 = Release|Any CPU
		{3C6ABAE3-5068-4725-9F0D-3EFE0D52A87F}.Debug|Any CPU.ActiveCfg = Debug|Any CPU
		{3C6ABAE3-5068-4725-9F0D-3EFE0D52A87F}.Debug|Any CPU.Build.0 = Debug|Any CPU
		{3C6ABAE3-5068-4725-9F0D-3EFE0D52A87F}.Release|Any CPU.ActiveCfg = Release|Any CPU
		{3C6ABAE3-5068-4725-9F0D-3EFE0D52A87F}.Release|Any CPU.Build.0 = Release|Any CPU
		{41B3E168-4531-4A1D-9617-BE015DDA88A1}.Debug|Any CPU.ActiveCfg = Debug|Any CPU
		{41B3E168-4531-4A1D-9617-BE015DDA88A1}.Debug|Any CPU.Build.0 = Debug|Any CPU
		{41B3E168-4531-4A1D-9617-BE015DDA88A1}.Release|Any CPU.ActiveCfg = Release|Any CPU
		{41B3E168-4531-4A1D-9617-BE015DDA88A1}.Release|Any CPU.Build.0 = Release|Any CPU
		{628728FA-2179-413C-B0C3-A304596A5B37}.Debug|Any CPU.ActiveCfg = Debug|Any CPU
		{628728FA-2179-413C-B0C3-A304596A5B37}.Debug|Any CPU.Build.0 = Debug|Any CPU
		{628728FA-2179-413C-B0C3-A304596A5B37}.Release|Any CPU.ActiveCfg = Release|Any CPU
		{628728FA-2179-413C-B0C3-A304596A5B37}.Release|Any CPU.Build.0 = Release|Any CPU
	EndGlobalSection
	GlobalSection(SolutionProperties) = preSolution
		HideSolutionNode = FALSE
	EndGlobalSection
	GlobalSection(NestedProjects) = preSolution
		{77D6F1F2-0898-4D0B-9511-6CBC4029086D} = {11D7FF59-A892-4A9A-8EA0-EA2BA2F3CC5E}
		{43AB40C7-CD2E-4AD2-A77D-26844586728A} = {A678ED77-C3C6-469C-B7CF-B5FDDB4C351E}
		{C5702D3C-AD5E-4843-AC9D-CE1D15C57DB2} = {6CCA4D47-7A1B-400B-8A82-9A840B0FD678}
		{D4E7A259-147E-4900-A51D-1563704F0587} = {1D0DB391-AAE1-4B6C-ADA6-2406E38A22E7}
		{62BC146A-479E-4DB0-BB2E-B386EEB4A439} = {1D0DB391-AAE1-4B6C-ADA6-2406E38A22E7}
		{8F3D96A2-6C2D-487E-81BA-62D0AFC83D94} = {1D0DB391-AAE1-4B6C-ADA6-2406E38A22E7}
		{3C6ABAE3-5068-4725-9F0D-3EFE0D52A87F} = {0A17C9DB-9993-4612-A80D-523962D46921}
		{41B3E168-4531-4A1D-9617-BE015DDA88A1} = {1D0DB391-AAE1-4B6C-ADA6-2406E38A22E7}
		{628728FA-2179-413C-B0C3-A304596A5B37} = {1D0DB391-AAE1-4B6C-ADA6-2406E38A22E7}
	EndGlobalSection
	GlobalSection(ExtensibilityGlobals) = postSolution
		SolutionGuid = {561995F2-17FF-468E-96B1-6AC10806D5BD}
	EndGlobalSection
EndGlobal
